// !$*UTF8*$!
{
	archiveVersion = 1;
	classes = {
	};
	objectVersion = 46;
	objects = {

/* Begin PBXBuildFile section */
		FC7C41A91346031700D37AC5 /* Cocoa.framework in Frameworks */ = {isa = PBXBuildFile; fileRef = FC7C41A81346031700D37AC5 /* Cocoa.framework */; };
		FC7C41B31346031700D37AC5 /* InfoPlist.strings in Resources */ = {isa = PBXBuildFile; fileRef = FC7C41B11346031700D37AC5 /* InfoPlist.strings */; };
		FC7C41B61346031700D37AC5 /* main.m in Sources */ = {isa = PBXBuildFile; fileRef = FC7C41B51346031700D37AC5 /* main.m */; };
		FC7C41B91346031700D37AC5 /* Credits.rtf in Resources */ = {isa = PBXBuildFile; fileRef = FC7C41B71346031700D37AC5 /* Credits.rtf */; };
		FC7C41BC1346031700D37AC5 /* RPGAppDelegate.m in Sources */ = {isa = PBXBuildFile; fileRef = FC7C41BB1346031700D37AC5 /* RPGAppDelegate.m */; };
		FC9F4FB41346267B00EE9317 /* MainMenu.xib in Resources */ = {isa = PBXBuildFile; fileRef = FC9F4FB21346267B00EE9317 /* MainMenu.xib */; };
		FC9F4FB9134632C400EE9317 /* PasswordGenerator.m in Sources */ = {isa = PBXBuildFile; fileRef = FC9F4FB8134632C400EE9317 /* PasswordGenerator.m */; };
		FCD5287E134B1AF000F31B32 /* BGGradientTheme.m in Sources */ = {isa = PBXBuildFile; fileRef = FCD52872134B1AF000F31B32 /* BGGradientTheme.m */; };
		FCD5287F134B1AF000F31B32 /* BGHUDButtonCell.m in Sources */ = {isa = PBXBuildFile; fileRef = FCD52874134B1AF000F31B32 /* BGHUDButtonCell.m */; };
		FCD52880134B1AF000F31B32 /* BGHUDSegmentedCell.m in Sources */ = {isa = PBXBuildFile; fileRef = FCD52877134B1AF000F31B32 /* BGHUDSegmentedCell.m */; };
		FCD52881134B1AF000F31B32 /* BGHUDTextFieldCell.m in Sources */ = {isa = PBXBuildFile; fileRef = FCD52879134B1AF000F31B32 /* BGHUDTextFieldCell.m */; };
		FCD52882134B1AF000F31B32 /* BGTheme.m in Sources */ = {isa = PBXBuildFile; fileRef = FCD5287B134B1AF000F31B32 /* BGTheme.m */; };
		FCD52883134B1AF000F31B32 /* BGThemeManager.m in Sources */ = {isa = PBXBuildFile; fileRef = FCD5287D134B1AF000F31B32 /* BGThemeManager.m */; };
		FCD52885134B323000F31B32 /* Icon.icns in Resources */ = {isa = PBXBuildFile; fileRef = FCD52884134B323000F31B32 /* Icon.icns */; };
		FCEF3BF5134DD7860086533A /* sha1.c in Sources */ = {isa = PBXBuildFile; fileRef = FCEF3BF3134DD7860086533A /* sha1.c */; };
/* End PBXBuildFile section */

/* Begin PBXCopyFilesBuildPhase section */
		FCB87A921349CF23006FB347 /* CopyFiles */ = {
			isa = PBXCopyFilesBuildPhase;
			buildActionMask = 2147483647;
			dstPath = "";
			dstSubfolderSpec = 10;
			files = (
			);
			runOnlyForDeploymentPostprocessing = 0;
		};
/* End PBXCopyFilesBuildPhase section */

/* Begin PBXFileReference section */
		FC270F07134F2E350037A976 /* de */ = {isa = PBXFileReference; lastKnownFileType = file; name = de; path = de.lproj/MainMenu.xib; sourceTree = "<group>"; };
		FC7C41A41346031700D37AC5 /* RPG.app */ = {isa = PBXFileReference; explicitFileType = wrapper.application; includeInIndex = 0; path = RPG.app; sourceTree = BUILT_PRODUCTS_DIR; };
		FC7C41A81346031700D37AC5 /* Cocoa.framework */ = {isa = PBXFileReference; lastKnownFileType = wrapper.framework; name = Cocoa.framework; path = System/Library/Frameworks/Cocoa.framework; sourceTree = SDKROOT; };
		FC7C41AB1346031700D37AC5 /* AppKit.framework */ = {isa = PBXFileReference; lastKnownFileType = wrapper.framework; name = AppKit.framework; path = System/Library/Frameworks/AppKit.framework; sourceTree = SDKROOT; };
		FC7C41AC1346031700D37AC5 /* CoreData.framework */ = {isa = PBXFileReference; lastKnownFileType = wrapper.framework; name = CoreData.framework; path = System/Library/Frameworks/CoreData.framework; sourceTree = SDKROOT; };
		FC7C41AD1346031700D37AC5 /* Foundation.framework */ = {isa = PBXFileReference; lastKnownFileType = wrapper.framework; name = Foundation.framework; path = System/Library/Frameworks/Foundation.framework; sourceTree = SDKROOT; };
		FC7C41B01346031700D37AC5 /* RPG-Info.plist */ = {isa = PBXFileReference; lastKnownFileType = text.plist.xml; path = "RPG-Info.plist"; sourceTree = "<group>"; };
		FC7C41B21346031700D37AC5 /* en */ = {isa = PBXFileReference; lastKnownFileType = text.plist.strings; name = en; path = en.lproj/InfoPlist.strings; sourceTree = "<group>"; };
		FC7C41B41346031700D37AC5 /* RPG-Prefix.pch */ = {isa = PBXFileReference; lastKnownFileType = sourcecode.c.h; path = "RPG-Prefix.pch"; sourceTree = "<group>"; };
		FC7C41B51346031700D37AC5 /* main.m */ = {isa = PBXFileReference; lastKnownFileType = sourcecode.c.objc; path = main.m; sourceTree = "<group>"; };
		FC7C41B81346031700D37AC5 /* en */ = {isa = PBXFileReference; lastKnownFileType = text.rtf; name = en; path = en.lproj/Credits.rtf; sourceTree = "<group>"; };
		FC7C41BA1346031700D37AC5 /* RPGAppDelegate.h */ = {isa = PBXFileReference; lastKnownFileType = sourcecode.c.h; path = RPGAppDelegate.h; sourceTree = "<group>"; };
		FC7C41BB1346031700D37AC5 /* RPGAppDelegate.m */ = {isa = PBXFileReference; lastKnownFileType = sourcecode.c.objc; path = RPGAppDelegate.m; sourceTree = "<group>"; };
		FC9F4FB31346267B00EE9317 /* en */ = {isa = PBXFileReference; lastKnownFileType = file.xib; name = en; path = en.lproj/MainMenu.xib; sourceTree = "<group>"; };
		FC9F4FB7134632C400EE9317 /* PasswordGenerator.h */ = {isa = PBXFileReference; fileEncoding = 4; lastKnownFileType = sourcecode.c.h; path = PasswordGenerator.h; sourceTree = "<group>"; };
		FC9F4FB8134632C400EE9317 /* PasswordGenerator.m */ = {isa = PBXFileReference; fileEncoding = 30; lastKnownFileType = sourcecode.c.objc; path = PasswordGenerator.m; sourceTree = "<group>"; };
		FCD52871134B1AF000F31B32 /* BGGradientTheme.h */ = {isa = PBXFileReference; fileEncoding = 4; lastKnownFileType = sourcecode.c.h; path = BGGradientTheme.h; sourceTree = "<group>"; };
		FCD52872134B1AF000F31B32 /* BGGradientTheme.m */ = {isa = PBXFileReference; fileEncoding = 4; lastKnownFileType = sourcecode.c.objc; path = BGGradientTheme.m; sourceTree = "<group>"; };
		FCD52873134B1AF000F31B32 /* BGHUDButtonCell.h */ = {isa = PBXFileReference; fileEncoding = 4; lastKnownFileType = sourcecode.c.h; path = BGHUDButtonCell.h; sourceTree = "<group>"; };
		FCD52874134B1AF000F31B32 /* BGHUDButtonCell.m */ = {isa = PBXFileReference; fileEncoding = 4; lastKnownFileType = sourcecode.c.objc; path = BGHUDButtonCell.m; sourceTree = "<group>"; };
		FCD52875134B1AF000F31B32 /* BGHUDGeometry.h */ = {isa = PBXFileReference; fileEncoding = 4; lastKnownFileType = sourcecode.c.h; path = BGHUDGeometry.h; sourceTree = "<group>"; };
		FCD52876134B1AF000F31B32 /* BGHUDSegmentedCell.h */ = {isa = PBXFileReference; fileEncoding = 4; lastKnownFileType = sourcecode.c.h; path = BGHUDSegmentedCell.h; sourceTree = "<group>"; };
		FCD52877134B1AF000F31B32 /* BGHUDSegmentedCell.m */ = {isa = PBXFileReference; fileEncoding = 4; lastKnownFileType = sourcecode.c.objc; path = BGHUDSegmentedCell.m; sourceTree = "<group>"; };
		FCD52878134B1AF000F31B32 /* BGHUDTextFieldCell.h */ = {isa = PBXFileReference; fileEncoding = 4; lastKnownFileType = sourcecode.c.h; path = BGHUDTextFieldCell.h; sourceTree = "<group>"; };
		FCD52879134B1AF000F31B32 /* BGHUDTextFieldCell.m */ = {isa = PBXFileReference; fileEncoding = 4; lastKnownFileType = sourcecode.c.objc; path = BGHUDTextFieldCell.m; sourceTree = "<group>"; };
		FCD5287A134B1AF000F31B32 /* BGTheme.h */ = {isa = PBXFileReference; fileEncoding = 4; lastKnownFileType = sourcecode.c.h; path = BGTheme.h; sourceTree = "<group>"; };
		FCD5287B134B1AF000F31B32 /* BGTheme.m */ = {isa = PBXFileReference; fileEncoding = 4; lastKnownFileType = sourcecode.c.objc; path = BGTheme.m; sourceTree = "<group>"; };
		FCD5287C134B1AF000F31B32 /* BGThemeManager.h */ = {isa = PBXFileReference; fileEncoding = 4; lastKnownFileType = sourcecode.c.h; path = BGThemeManager.h; sourceTree = "<group>"; };
		FCD5287D134B1AF000F31B32 /* BGThemeManager.m */ = {isa = PBXFileReference; fileEncoding = 4; lastKnownFileType = sourcecode.c.objc; path = BGThemeManager.m; sourceTree = "<group>"; };
		FCD52884134B323000F31B32 /* Icon.icns */ = {isa = PBXFileReference; lastKnownFileType = image.icns; path = Icon.icns; sourceTree = "<group>"; };
		FCEF3BF3134DD7860086533A /* sha1.c */ = {isa = PBXFileReference; fileEncoding = 4; lastKnownFileType = sourcecode.c.c; path = sha1.c; sourceTree = "<group>"; };
		FCEF3BF4134DD7860086533A /* sha1.h */ = {isa = PBXFileReference; fileEncoding = 4; lastKnownFileType = sourcecode.c.h; path = sha1.h; sourceTree = "<group>"; };
/* End PBXFileReference section */

/* Begin PBXFrameworksBuildPhase section */
		FC7C41A11346031700D37AC5 /* Frameworks */ = {
			isa = PBXFrameworksBuildPhase;
			buildActionMask = 2147483647;
			files = (
				FC7C41A91346031700D37AC5 /* Cocoa.framework in Frameworks */,
			);
			runOnlyForDeploymentPostprocessing = 0;
		};
/* End PBXFrameworksBuildPhase section */

/* Begin PBXGroup section */
		FC7C41991346031700D37AC5 = {
			isa = PBXGroup;
			children = (
				FCD52870134B1AF000F31B32 /* BGHUD */,
				FC7C41AE1346031700D37AC5 /* RPG */,
				FC7C41A71346031700D37AC5 /* Frameworks */,
				FC7C41A51346031700D37AC5 /* Products */,
			);
			sourceTree = "<group>";
		};
		FC7C41A51346031700D37AC5 /* Products */ = {
			isa = PBXGroup;
			children = (
				FC7C41A41346031700D37AC5 /* RPG.app */,
			);
			name = Products;
			sourceTree = "<group>";
		};
		FC7C41A71346031700D37AC5 /* Frameworks */ = {
			isa = PBXGroup;
			children = (
				FC7C41A81346031700D37AC5 /* Cocoa.framework */,
				FC7C41AA1346031700D37AC5 /* Other Frameworks */,
			);
			name = Frameworks;
			sourceTree = "<group>";
		};
		FC7C41AA1346031700D37AC5 /* Other Frameworks */ = {
			isa = PBXGroup;
			children = (
				FC7C41AB1346031700D37AC5 /* AppKit.framework */,
				FC7C41AC1346031700D37AC5 /* CoreData.framework */,
				FC7C41AD1346031700D37AC5 /* Foundation.framework */,
			);
			name = "Other Frameworks";
			sourceTree = "<group>";
		};
		FC7C41AE1346031700D37AC5 /* RPG */ = {
			isa = PBXGroup;
			children = (
				FCEF3BF4134DD7860086533A /* sha1.h */,
				FCEF3BF3134DD7860086533A /* sha1.c */,
				FC9F4FB7134632C400EE9317 /* PasswordGenerator.h */,
				FC9F4FB8134632C400EE9317 /* PasswordGenerator.m */,
				FC9F4FB21346267B00EE9317 /* MainMenu.xib */,
				FC7C41BA1346031700D37AC5 /* RPGAppDelegate.h */,
				FC7C41BB1346031700D37AC5 /* RPGAppDelegate.m */,
				FC7C41AF1346031700D37AC5 /* Supporting Files */,
			);
			path = RPG;
			sourceTree = "<group>";
		};
		FC7C41AF1346031700D37AC5 /* Supporting Files */ = {
			isa = PBXGroup;
			children = (
				FCD52884134B323000F31B32 /* Icon.icns */,
				FC7C41B01346031700D37AC5 /* RPG-Info.plist */,
				FC7C41B11346031700D37AC5 /* InfoPlist.strings */,
				FC7C41B41346031700D37AC5 /* RPG-Prefix.pch */,
				FC7C41B51346031700D37AC5 /* main.m */,
				FC7C41B71346031700D37AC5 /* Credits.rtf */,
			);
			name = "Supporting Files";
			sourceTree = "<group>";
		};
		FCD52870134B1AF000F31B32 /* BGHUD */ = {
			isa = PBXGroup;
			children = (
				FCD52871134B1AF000F31B32 /* BGGradientTheme.h */,
				FCD52872134B1AF000F31B32 /* BGGradientTheme.m */,
				FCD52873134B1AF000F31B32 /* BGHUDButtonCell.h */,
				FCD52874134B1AF000F31B32 /* BGHUDButtonCell.m */,
				FCD52875134B1AF000F31B32 /* BGHUDGeometry.h */,
				FCD52876134B1AF000F31B32 /* BGHUDSegmentedCell.h */,
				FCD52877134B1AF000F31B32 /* BGHUDSegmentedCell.m */,
				FCD52878134B1AF000F31B32 /* BGHUDTextFieldCell.h */,
				FCD52879134B1AF000F31B32 /* BGHUDTextFieldCell.m */,
				FCD5287A134B1AF000F31B32 /* BGTheme.h */,
				FCD5287B134B1AF000F31B32 /* BGTheme.m */,
				FCD5287C134B1AF000F31B32 /* BGThemeManager.h */,
				FCD5287D134B1AF000F31B32 /* BGThemeManager.m */,
			);
			name = BGHUD;
			path = RPG/BGHUD;
			sourceTree = "<group>";
		};
/* End PBXGroup section */

/* Begin PBXNativeTarget section */
		FC7C41A31346031700D37AC5 /* RPG */ = {
			isa = PBXNativeTarget;
			buildConfigurationList = FC7C41C21346031700D37AC5 /* Build configuration list for PBXNativeTarget "RPG" */;
			buildPhases = (
				FC7C41A01346031700D37AC5 /* Sources */,
				FC7C41A11346031700D37AC5 /* Frameworks */,
				FC7C41A21346031700D37AC5 /* Resources */,
				FCB87A921349CF23006FB347 /* CopyFiles */,
			);
			buildRules = (
			);
			dependencies = (
			);
			name = RPG;
			productName = RPG;
			productReference = FC7C41A41346031700D37AC5 /* RPG.app */;
			productType = "com.apple.product-type.application";
		};
/* End PBXNativeTarget section */

/* Begin PBXProject section */
		FC7C419B1346031700D37AC5 /* Project object */ = {
			isa = PBXProject;
			attributes = {
				ORGANIZATIONNAME = RWTH;
			};
			buildConfigurationList = FC7C419E1346031700D37AC5 /* Build configuration list for PBXProject "RPG" */;
			compatibilityVersion = "Xcode 3.2";
			developmentRegion = English;
			hasScannedForEncodings = 0;
			knownRegions = (
				en,
				de,
			);
			mainGroup = FC7C41991346031700D37AC5;
			productRefGroup = FC7C41A51346031700D37AC5 /* Products */;
			projectDirPath = "";
			projectRoot = "";
			targets = (
				FC7C41A31346031700D37AC5 /* RPG */,
			);
		};
/* End PBXProject section */

/* Begin PBXResourcesBuildPhase section */
		FC7C41A21346031700D37AC5 /* Resources */ = {
			isa = PBXResourcesBuildPhase;
			buildActionMask = 2147483647;
			files = (
				FC7C41B31346031700D37AC5 /* InfoPlist.strings in Resources */,
				FC7C41B91346031700D37AC5 /* Credits.rtf in Resources */,
				FC9F4FB41346267B00EE9317 /* MainMenu.xib in Resources */,
				FCD52885134B323000F31B32 /* Icon.icns in Resources */,
			);
			runOnlyForDeploymentPostprocessing = 0;
		};
/* End PBXResourcesBuildPhase section */

/* Begin PBXSourcesBuildPhase section */
		FC7C41A01346031700D37AC5 /* Sources */ = {
			isa = PBXSourcesBuildPhase;
			buildActionMask = 2147483647;
			files = (
				FC7C41B61346031700D37AC5 /* main.m in Sources */,
				FC7C41BC1346031700D37AC5 /* RPGAppDelegate.m in Sources */,
				FC9F4FB9134632C400EE9317 /* PasswordGenerator.m in Sources */,
				FCD5287E134B1AF000F31B32 /* BGGradientTheme.m in Sources */,
				FCD5287F134B1AF000F31B32 /* BGHUDButtonCell.m in Sources */,
				FCD52880134B1AF000F31B32 /* BGHUDSegmentedCell.m in Sources */,
				FCD52881134B1AF000F31B32 /* BGHUDTextFieldCell.m in Sources */,
				FCD52882134B1AF000F31B32 /* BGTheme.m in Sources */,
				FCD52883134B1AF000F31B32 /* BGThemeManager.m in Sources */,
				FCEF3BF5134DD7860086533A /* sha1.c in Sources */,
			);
			runOnlyForDeploymentPostprocessing = 0;
		};
/* End PBXSourcesBuildPhase section */

/* Begin PBXVariantGroup section */
		FC7C41B11346031700D37AC5 /* InfoPlist.strings */ = {
			isa = PBXVariantGroup;
			children = (
				FC7C41B21346031700D37AC5 /* en */,
			);
			name = InfoPlist.strings;
			sourceTree = "<group>";
		};
		FC7C41B71346031700D37AC5 /* Credits.rtf */ = {
			isa = PBXVariantGroup;
			children = (
				FC7C41B81346031700D37AC5 /* en */,
			);
			name = Credits.rtf;
			sourceTree = "<group>";
		};
		FC9F4FB21346267B00EE9317 /* MainMenu.xib */ = {
			isa = PBXVariantGroup;
			children = (
				FC9F4FB31346267B00EE9317 /* en */,
				FC270F07134F2E350037A976 /* de */,
			);
			name = MainMenu.xib;
			sourceTree = "<group>";
		};
/* End PBXVariantGroup section */

/* Begin XCBuildConfiguration section */
		FC7C41C01346031700D37AC5 /* Debug */ = {
			isa = XCBuildConfiguration;
			buildSettings = {
				ARCHS = "$(ARCHS_STANDARD_32_64_BIT)";
				GCC_C_LANGUAGE_STANDARD = gnu99;
				GCC_OPTIMIZATION_LEVEL = 0;
				GCC_PREPROCESSOR_DEFINITIONS = DEBUG;
				GCC_SYMBOLS_PRIVATE_EXTERN = NO;
				GCC_VERSION = com.apple.compilers.llvm.clang.1_0;
				GCC_WARN_64_TO_32_BIT_CONVERSION = YES;
				GCC_WARN_ABOUT_RETURN_TYPE = YES;
				GCC_WARN_UNUSED_VARIABLE = YES;
				MACOSX_DEPLOYMENT_TARGET = 10.6;
				ONLY_ACTIVE_ARCH = YES;
				SDKROOT = macosx;
			};
			name = Debug;
		};
		FC7C41C11346031700D37AC5 /* Release */ = {
			isa = XCBuildConfiguration;
			buildSettings = {
				ARCHS = "$(ARCHS_STANDARD_32_64_BIT)";
				GCC_C_LANGUAGE_STANDARD = gnu99;
				GCC_VERSION = com.apple.compilers.llvm.clang.1_0;
				GCC_WARN_64_TO_32_BIT_CONVERSION = YES;
				GCC_WARN_ABOUT_RETURN_TYPE = YES;
				GCC_WARN_UNUSED_VARIABLE = YES;
				MACOSX_DEPLOYMENT_TARGET = 10.6;
				SDKROOT = macosx;
			};
			name = Release;
		};
		FC7C41C31346031700D37AC5 /* Debug */ = {
			isa = XCBuildConfiguration;
			buildSettings = {
				ALWAYS_SEARCH_USER_PATHS = NO;
				COPY_PHASE_STRIP = NO;
				FRAMEWORK_SEARCH_PATHS = (
					"$(inherited)",
					"\"$(SRCROOT)/RPG\"",
				);
				GCC_DYNAMIC_NO_PIC = NO;
				GCC_ENABLE_OBJC_EXCEPTIONS = YES;
				GCC_PRECOMPILE_PREFIX_HEADER = YES;
				GCC_PREFIX_HEADER = "RPG/RPG-Prefix.pch";
				INFOPLIST_FILE = "RPG/RPG-Info.plist";
				PRODUCT_NAME = "$(TARGET_NAME)";
				WRAPPER_EXTENSION = app;
			};
			name = Debug;
		};
		FC7C41C41346031700D37AC5 /* Release */ = {
			isa = XCBuildConfiguration;
			buildSettings = {
				ALWAYS_SEARCH_USER_PATHS = NO;
				COPY_PHASE_STRIP = YES;
				DEBUG_INFORMATION_FORMAT = "dwarf-with-dsym";
				FRAMEWORK_SEARCH_PATHS = (
					"$(inherited)",
					"\"$(SRCROOT)/RPG\"",
				);
				GCC_ENABLE_OBJC_EXCEPTIONS = YES;
				GCC_PRECOMPILE_PREFIX_HEADER = YES;
				GCC_PREFIX_HEADER = "RPG/RPG-Prefix.pch";
				INFOPLIST_FILE = "RPG/RPG-Info.plist";
				PRODUCT_NAME = "$(TARGET_NAME)";
				WRAPPER_EXTENSION = app;
			};
			name = Release;
		};
/* End XCBuildConfiguration section */

/* Begin XCConfigurationList section */
		FC7C419E1346031700D37AC5 /* Build configuration list for PBXProject "RPG" */ = {
			isa = XCConfigurationList;
			buildConfigurations = (
				FC7C41C01346031700D37AC5 /* Debug */,
				FC7C41C11346031700D37AC5 /* Release */,
			);
			defaultConfigurationIsVisible = 0;
			defaultConfigurationName = Release;
		};
		FC7C41C21346031700D37AC5 /* Build configuration list for PBXNativeTarget "RPG" */ = {
			isa = XCConfigurationList;
			buildConfigurations = (
				FC7C41C31346031700D37AC5 /* Debug */,
				FC7C41C41346031700D37AC5 /* Release */,
			);
			defaultConfigurationIsVisible = 0;
			defaultConfigurationName = Release;
		};
/* End XCConfigurationList section */
	};
	rootObject = FC7C419B1346031700D37AC5 /* Project object */;
}
